
Microsoft Visual Studio Solution File, Format Version 12.00
# Visual Studio Version 17
VisualStudioVersion = 17.5.33502.453
MinimumVisualStudioVersion = 10.0.40219.1
Project("{FAE04EC0-301F-11D3-BF4B-00C04F79EFBC}") = "NemetschekWarehouse.web", "NemetschekWarehouse.web\NemetschekWarehouse.web.csproj", "{E408F167-649E-4AE2-BC52-FEB7CA0DE78B}"
EndProject
Project("{FAE04EC0-301F-11D3-BF4B-00C04F79EFBC}") = "NemetschekWarehouse.Core", "NemetschekWarehouse.Core\NemetschekWarehouse.Core.csproj", "{BD9715C8-44D4-424C-BFF6-2D11C00E8F94}"
EndProject
Project("{FAE04EC0-301F-11D3-BF4B-00C04F79EFBC}") = "NemetschekWarehouse.Infrastructure", "NemetschekWarehouse.Infrastructure\NemetschekWarehouse.Infrastructure.csproj", "{FE6002D7-F981-4576-B070-6BCCD9852C3A}"
EndProject
Global
	GlobalSection(SolutionConfigurationPlatforms) = preSolution
		Debug|Any CPU = Debug|Any CPU
		Release|Any CPU = Release|Any CPU
	EndGlobalSection
	GlobalSection(ProjectConfigurationPlatforms) = postSolution
		{E408F167-649E-4AE2-BC52-FEB7CA0DE78B}.Debug|Any CPU.ActiveCfg = Debug|Any CPU
		{E408F167-649E-4AE2-BC52-FEB7CA0DE78B}.Debug|Any CPU.Build.0 = Debug|Any CPU
		{E408F167-649E-4AE2-BC52-FEB7CA0DE78B}.Release|Any CPU.ActiveCfg = Release|Any CPU
		{E408F167-649E-4AE2-BC52-FEB7CA0DE78B}.Release|Any CPU.Build.0 = Release|Any CPU
		{BD9715C8-44D4-424C-BFF6-2D11C00E8F94}.Debug|Any CPU.ActiveCfg = Debug|Any CPU
		{BD9715C8-44D4-424C-BFF6-2D11C00E8F94}.Debug|Any CPU.Build.0 = Debug|Any CPU
		{BD9715C8-44D4-424C-BFF6-2D11C00E8F94}.Release|Any CPU.ActiveCfg = Release|Any CPU
		{BD9715C8-44D4-424C-BFF6-2D11C00E8F94}.Release|Any CPU.Build.0 = Release|Any CPU
		{FE6002D7-F981-4576-B070-6BCCD9852C3A}.Debug|Any CPU.ActiveCfg = Debug|Any CPU
		{FE6002D7-F981-4576-B070-6BCCD9852C3A}.Debug|Any CPU.Build.0 = Debug|Any CPU
		{FE6002D7-F981-4576-B070-6BCCD9852C3A}.Release|Any CPU.ActiveCfg = Release|Any CPU
		{FE6002D7-F981-4576-B070-6BCCD9852C3A}.Release|Any CPU.Build.0 = Release|Any CPU
	EndGlobalSection
	GlobalSection(SolutionProperties) = preSolution
		HideSolutionNode = FALSE
	EndGlobalSection
	GlobalSection(ExtensibilityGlobals) = postSolution
		SolutionGuid = {EDBD9847-9D1E-4ABE-BAD4-D745055AFA85}
	EndGlobalSection
EndGlobal
